// !$*UTF8*$!
{
	archiveVersion = 1;
	classes = {
	};
	objectVersion = 56;
	objects = {

/* Begin PBXBuildFile section */
		7F0FD34D29A2B31A00500806 /* AfricaApp.swift in Sources */ = {isa = PBXBuildFile; fileRef = 7F0FD34C29A2B31A00500806 /* AfricaApp.swift */; };
		7F0FD34F29A2B31A00500806 /* ContentView.swift in Sources */ = {isa = PBXBuildFile; fileRef = 7F0FD34E29A2B31A00500806 /* ContentView.swift */; };
		7F0FD35129A2B31D00500806 /* Assets.xcassets in Resources */ = {isa = PBXBuildFile; fileRef = 7F0FD35029A2B31D00500806 /* Assets.xcassets */; };
		7F0FD35429A2B31D00500806 /* Preview Assets.xcassets in Resources */ = {isa = PBXBuildFile; fileRef = 7F0FD35329A2B31D00500806 /* Preview Assets.xcassets */; };
		7F0FD36529A2B49C00500806 /* elephant.mp4 in Resources */ = {isa = PBXBuildFile; fileRef = 7F0FD35B29A2B49700500806 /* elephant.mp4 */; };
		7F0FD36629A2B49C00500806 /* rhino.mp4 in Resources */ = {isa = PBXBuildFile; fileRef = 7F0FD35C29A2B49800500806 /* rhino.mp4 */; };
		7F0FD36729A2B49C00500806 /* lion.mp4 in Resources */ = {isa = PBXBuildFile; fileRef = 7F0FD35D29A2B49800500806 /* lion.mp4 */; };
		7F0FD36829A2B49C00500806 /* zebra.mp4 in Resources */ = {isa = PBXBuildFile; fileRef = 7F0FD35E29A2B49900500806 /* zebra.mp4 */; };
		7F0FD36929A2B49C00500806 /* hippo.mp4 in Resources */ = {isa = PBXBuildFile; fileRef = 7F0FD35F29A2B49900500806 /* hippo.mp4 */; };
		7F0FD36A29A2B49C00500806 /* lioness.mp4 in Resources */ = {isa = PBXBuildFile; fileRef = 7F0FD36029A2B49A00500806 /* lioness.mp4 */; };
		7F0FD36B29A2B49C00500806 /* giraffe.mp4 in Resources */ = {isa = PBXBuildFile; fileRef = 7F0FD36129A2B49A00500806 /* giraffe.mp4 */; };
		7F0FD36C29A2B49C00500806 /* cheetah.mp4 in Resources */ = {isa = PBXBuildFile; fileRef = 7F0FD36229A2B49B00500806 /* cheetah.mp4 */; };
		7F0FD36D29A2B49C00500806 /* ostrich.mp4 in Resources */ = {isa = PBXBuildFile; fileRef = 7F0FD36329A2B49C00500806 /* ostrich.mp4 */; };
		7F0FD36E29A2B49C00500806 /* gorilla.mp4 in Resources */ = {isa = PBXBuildFile; fileRef = 7F0FD36429A2B49C00500806 /* gorilla.mp4 */; };
		7F0FD37429A2B4F200500806 /* locations.json in Resources */ = {isa = PBXBuildFile; fileRef = 7F0FD37029A2B4F200500806 /* locations.json */; };
		7F0FD37529A2B4F200500806 /* animals.json in Resources */ = {isa = PBXBuildFile; fileRef = 7F0FD37129A2B4F200500806 /* animals.json */; };
		7F0FD37629A2B4F200500806 /* covers.json in Resources */ = {isa = PBXBuildFile; fileRef = 7F0FD37229A2B4F200500806 /* covers.json */; };
		7F0FD37729A2B4F200500806 /* videos.json in Resources */ = {isa = PBXBuildFile; fileRef = 7F0FD37329A2B4F200500806 /* videos.json */; };
		7F0FD37B29A2B72700500806 /* VideoListView.swift in Sources */ = {isa = PBXBuildFile; fileRef = 7F0FD37A29A2B72700500806 /* VideoListView.swift */; };
		7F0FD37D29A2B74900500806 /* MapView.swift in Sources */ = {isa = PBXBuildFile; fileRef = 7F0FD37C29A2B74900500806 /* MapView.swift */; };
		7F0FD37F29A2B75B00500806 /* GalleryView.swift in Sources */ = {isa = PBXBuildFile; fileRef = 7F0FD37E29A2B75B00500806 /* GalleryView.swift */; };
		7F0FD38129A2B77800500806 /* MainView.swift in Sources */ = {isa = PBXBuildFile; fileRef = 7F0FD38029A2B77800500806 /* MainView.swift */; };
		7F0FD38429A2BB6600500806 /* CoverImageView.swift in Sources */ = {isa = PBXBuildFile; fileRef = 7F0FD38329A2BB6600500806 /* CoverImageView.swift */; };
		7F0FD38729A2BDAA00500806 /* CoverImageModel.swift in Sources */ = {isa = PBXBuildFile; fileRef = 7F0FD38629A2BDAA00500806 /* CoverImageModel.swift */; };
		7F0FD38A29A2BF3B00500806 /* CodableBundleExtention.swift in Sources */ = {isa = PBXBuildFile; fileRef = 7F0FD38929A2BF3B00500806 /* CodableBundleExtention.swift */; };
		7F0FD38C29A2C92200500806 /* AnimalListItemView.swift in Sources */ = {isa = PBXBuildFile; fileRef = 7F0FD38B29A2C92200500806 /* AnimalListItemView.swift */; };
		7F0FD38E29A2CBD100500806 /* AnimalModel.swift in Sources */ = {isa = PBXBuildFile; fileRef = 7F0FD38D29A2CBD100500806 /* AnimalModel.swift */; };
		7F0FD39029A2E4A500500806 /* AnimalDetailView.swift in Sources */ = {isa = PBXBuildFile; fileRef = 7F0FD38F29A2E4A500500806 /* AnimalDetailView.swift */; };
		7F0FD39229A4046000500806 /* HeadingView.swift in Sources */ = {isa = PBXBuildFile; fileRef = 7F0FD39129A4046000500806 /* HeadingView.swift */; };
		7F0FD39429A405CC00500806 /* InsetGalleryView.swift in Sources */ = {isa = PBXBuildFile; fileRef = 7F0FD39329A405CC00500806 /* InsetGalleryView.swift */; };
		7F0FD39629A40AA900500806 /* InsetFactView.swift in Sources */ = {isa = PBXBuildFile; fileRef = 7F0FD39529A40AA900500806 /* InsetFactView.swift */; };
		7F0FD39829A40ECE00500806 /* InsetMapView.swift in Sources */ = {isa = PBXBuildFile; fileRef = 7F0FD39729A40ECE00500806 /* InsetMapView.swift */; };
		7F0FD39A29A4153E00500806 /* ExternalWeblinkView.swift in Sources */ = {isa = PBXBuildFile; fileRef = 7F0FD39929A4153E00500806 /* ExternalWeblinkView.swift */; };
/* End PBXBuildFile section */

/* Begin PBXFileReference section */
		7F0FD34929A2B31A00500806 /* Africa.app */ = {isa = PBXFileReference; explicitFileType = wrapper.application; includeInIndex = 0; path = Africa.app; sourceTree = BUILT_PRODUCTS_DIR; };
		7F0FD34C29A2B31A00500806 /* AfricaApp.swift */ = {isa = PBXFileReference; lastKnownFileType = sourcecode.swift; path = AfricaApp.swift; sourceTree = "<group>"; };
		7F0FD34E29A2B31A00500806 /* ContentView.swift */ = {isa = PBXFileReference; lastKnownFileType = sourcecode.swift; path = ContentView.swift; sourceTree = "<group>"; };
		7F0FD35029A2B31D00500806 /* Assets.xcassets */ = {isa = PBXFileReference; lastKnownFileType = folder.assetcatalog; path = Assets.xcassets; sourceTree = "<group>"; };
		7F0FD35329A2B31D00500806 /* Preview Assets.xcassets */ = {isa = PBXFileReference; lastKnownFileType = folder.assetcatalog; path = "Preview Assets.xcassets"; sourceTree = "<group>"; };
		7F0FD35B29A2B49700500806 /* elephant.mp4 */ = {isa = PBXFileReference; lastKnownFileType = file; path = elephant.mp4; sourceTree = "<group>"; };
		7F0FD35C29A2B49800500806 /* rhino.mp4 */ = {isa = PBXFileReference; lastKnownFileType = file; path = rhino.mp4; sourceTree = "<group>"; };
		7F0FD35D29A2B49800500806 /* lion.mp4 */ = {isa = PBXFileReference; lastKnownFileType = file; path = lion.mp4; sourceTree = "<group>"; };
		7F0FD35E29A2B49900500806 /* zebra.mp4 */ = {isa = PBXFileReference; lastKnownFileType = file; path = zebra.mp4; sourceTree = "<group>"; };
		7F0FD35F29A2B49900500806 /* hippo.mp4 */ = {isa = PBXFileReference; lastKnownFileType = file; path = hippo.mp4; sourceTree = "<group>"; };
		7F0FD36029A2B49A00500806 /* lioness.mp4 */ = {isa = PBXFileReference; lastKnownFileType = file; path = lioness.mp4; sourceTree = "<group>"; };
		7F0FD36129A2B49A00500806 /* giraffe.mp4 */ = {isa = PBXFileReference; lastKnownFileType = file; path = giraffe.mp4; sourceTree = "<group>"; };
		7F0FD36229A2B49B00500806 /* cheetah.mp4 */ = {isa = PBXFileReference; lastKnownFileType = file; path = cheetah.mp4; sourceTree = "<group>"; };
		7F0FD36329A2B49C00500806 /* ostrich.mp4 */ = {isa = PBXFileReference; lastKnownFileType = file; path = ostrich.mp4; sourceTree = "<group>"; };
		7F0FD36429A2B49C00500806 /* gorilla.mp4 */ = {isa = PBXFileReference; lastKnownFileType = file; path = gorilla.mp4; sourceTree = "<group>"; };
		7F0FD37029A2B4F200500806 /* locations.json */ = {isa = PBXFileReference; fileEncoding = 4; lastKnownFileType = text.json; path = locations.json; sourceTree = "<group>"; };
		7F0FD37129A2B4F200500806 /* animals.json */ = {isa = PBXFileReference; fileEncoding = 4; lastKnownFileType = text.json; path = animals.json; sourceTree = "<group>"; };
		7F0FD37229A2B4F200500806 /* covers.json */ = {isa = PBXFileReference; fileEncoding = 4; lastKnownFileType = text.json; path = covers.json; sourceTree = "<group>"; };
		7F0FD37329A2B4F200500806 /* videos.json */ = {isa = PBXFileReference; fileEncoding = 4; lastKnownFileType = text.json; path = videos.json; sourceTree = "<group>"; };
		7F0FD37829A2B60100500806 /* Info.plist */ = {isa = PBXFileReference; lastKnownFileType = text.plist; path = Info.plist; sourceTree = "<group>"; };
		7F0FD37A29A2B72700500806 /* VideoListView.swift */ = {isa = PBXFileReference; lastKnownFileType = sourcecode.swift; path = VideoListView.swift; sourceTree = "<group>"; };
		7F0FD37C29A2B74900500806 /* MapView.swift */ = {isa = PBXFileReference; lastKnownFileType = sourcecode.swift; path = MapView.swift; sourceTree = "<group>"; };
		7F0FD37E29A2B75B00500806 /* GalleryView.swift */ = {isa = PBXFileReference; lastKnownFileType = sourcecode.swift; path = GalleryView.swift; sourceTree = "<group>"; };
		7F0FD38029A2B77800500806 /* MainView.swift */ = {isa = PBXFileReference; lastKnownFileType = sourcecode.swift; path = MainView.swift; sourceTree = "<group>"; };
		7F0FD38329A2BB6600500806 /* CoverImageView.swift */ = {isa = PBXFileReference; lastKnownFileType = sourcecode.swift; path = CoverImageView.swift; sourceTree = "<group>"; };
		7F0FD38629A2BDAA00500806 /* CoverImageModel.swift */ = {isa = PBXFileReference; lastKnownFileType = sourcecode.swift; path = CoverImageModel.swift; sourceTree = "<group>"; };
		7F0FD38929A2BF3B00500806 /* CodableBundleExtention.swift */ = {isa = PBXFileReference; lastKnownFileType = sourcecode.swift; path = CodableBundleExtention.swift; sourceTree = "<group>"; };
		7F0FD38B29A2C92200500806 /* AnimalListItemView.swift */ = {isa = PBXFileReference; lastKnownFileType = sourcecode.swift; path = AnimalListItemView.swift; sourceTree = "<group>"; };
		7F0FD38D29A2CBD100500806 /* AnimalModel.swift */ = {isa = PBXFileReference; lastKnownFileType = sourcecode.swift; path = AnimalModel.swift; sourceTree = "<group>"; };
		7F0FD38F29A2E4A500500806 /* AnimalDetailView.swift */ = {isa = PBXFileReference; lastKnownFileType = sourcecode.swift; path = AnimalDetailView.swift; sourceTree = "<group>"; };
		7F0FD39129A4046000500806 /* HeadingView.swift */ = {isa = PBXFileReference; lastKnownFileType = sourcecode.swift; path = HeadingView.swift; sourceTree = "<group>"; };
		7F0FD39329A405CC00500806 /* InsetGalleryView.swift */ = {isa = PBXFileReference; lastKnownFileType = sourcecode.swift; path = InsetGalleryView.swift; sourceTree = "<group>"; };
		7F0FD39529A40AA900500806 /* InsetFactView.swift */ = {isa = PBXFileReference; lastKnownFileType = sourcecode.swift; path = InsetFactView.swift; sourceTree = "<group>"; };
		7F0FD39729A40ECE00500806 /* InsetMapView.swift */ = {isa = PBXFileReference; lastKnownFileType = sourcecode.swift; path = InsetMapView.swift; sourceTree = "<group>"; };
		7F0FD39929A4153E00500806 /* ExternalWeblinkView.swift */ = {isa = PBXFileReference; lastKnownFileType = sourcecode.swift; path = ExternalWeblinkView.swift; sourceTree = "<group>"; };
/* End PBXFileReference section */

/* Begin PBXFrameworksBuildPhase section */
		7F0FD34629A2B31A00500806 /* Frameworks */ = {
			isa = PBXFrameworksBuildPhase;
			buildActionMask = 2147483647;
			files = (
			);
			runOnlyForDeploymentPostprocessing = 0;
		};
/* End PBXFrameworksBuildPhase section */

/* Begin PBXGroup section */
		7F0FD34029A2B31A00500806 = {
			isa = PBXGroup;
			children = (
				7F0FD34B29A2B31A00500806 /* Africa */,
				7F0FD34A29A2B31A00500806 /* Products */,
			);
			sourceTree = "<group>";
		};
		7F0FD34A29A2B31A00500806 /* Products */ = {
			isa = PBXGroup;
			children = (
				7F0FD34929A2B31A00500806 /* Africa.app */,
			);
			name = Products;
			sourceTree = "<group>";
		};
		7F0FD34B29A2B31A00500806 /* Africa */ = {
			isa = PBXGroup;
			children = (
				7F0FD38829A2BEFB00500806 /* Extention */,
				7F0FD38529A2BD9100500806 /* Model */,
				7F0FD38229A2BB4F00500806 /* View */,
				7F0FD37829A2B60100500806 /* Info.plist */,
				7F0FD36F29A2B4D000500806 /* Data */,
				7F0FD35A29A2B46B00500806 /* Video */,
				7F0FD37929A2B6CB00500806 /* App */,
				7F0FD35029A2B31D00500806 /* Assets.xcassets */,
				7F0FD35229A2B31D00500806 /* Preview Content */,
			);
			path = Africa;
			sourceTree = "<group>";
		};
		7F0FD35229A2B31D00500806 /* Preview Content */ = {
			isa = PBXGroup;
			children = (
				7F0FD35329A2B31D00500806 /* Preview Assets.xcassets */,
			);
			path = "Preview Content";
			sourceTree = "<group>";
		};
		7F0FD35A29A2B46B00500806 /* Video */ = {
			isa = PBXGroup;
			children = (
				7F0FD36229A2B49B00500806 /* cheetah.mp4 */,
				7F0FD35B29A2B49700500806 /* elephant.mp4 */,
				7F0FD36129A2B49A00500806 /* giraffe.mp4 */,
				7F0FD36429A2B49C00500806 /* gorilla.mp4 */,
				7F0FD35F29A2B49900500806 /* hippo.mp4 */,
				7F0FD35D29A2B49800500806 /* lion.mp4 */,
				7F0FD36029A2B49A00500806 /* lioness.mp4 */,
				7F0FD36329A2B49C00500806 /* ostrich.mp4 */,
				7F0FD35C29A2B49800500806 /* rhino.mp4 */,
				7F0FD35E29A2B49900500806 /* zebra.mp4 */,
			);
			path = Video;
			sourceTree = "<group>";
		};
		7F0FD36F29A2B4D000500806 /* Data */ = {
			isa = PBXGroup;
			children = (
				7F0FD37129A2B4F200500806 /* animals.json */,
				7F0FD37229A2B4F200500806 /* covers.json */,
				7F0FD37029A2B4F200500806 /* locations.json */,
				7F0FD37329A2B4F200500806 /* videos.json */,
			);
			path = Data;
			sourceTree = "<group>";
		};
		7F0FD37929A2B6CB00500806 /* App */ = {
			isa = PBXGroup;
			children = (
				7F0FD34C29A2B31A00500806 /* AfricaApp.swift */,
				7F0FD34E29A2B31A00500806 /* ContentView.swift */,
				7F0FD37A29A2B72700500806 /* VideoListView.swift */,
				7F0FD37C29A2B74900500806 /* MapView.swift */,
				7F0FD37E29A2B75B00500806 /* GalleryView.swift */,
				7F0FD38029A2B77800500806 /* MainView.swift */,
			);
			path = App;
			sourceTree = "<group>";
		};
		7F0FD38229A2BB4F00500806 /* View */ = {
			isa = PBXGroup;
			children = (
				7F0FD38329A2BB6600500806 /* CoverImageView.swift */,
				7F0FD38B29A2C92200500806 /* AnimalListItemView.swift */,
				7F0FD38F29A2E4A500500806 /* AnimalDetailView.swift */,
				7F0FD39129A4046000500806 /* HeadingView.swift */,
				7F0FD39329A405CC00500806 /* InsetGalleryView.swift */,
				7F0FD39529A40AA900500806 /* InsetFactView.swift */,
				7F0FD39729A40ECE00500806 /* InsetMapView.swift */,
				7F0FD39929A4153E00500806 /* ExternalWeblinkView.swift */,
			);
			path = View;
			sourceTree = "<group>";
		};
		7F0FD38529A2BD9100500806 /* Model */ = {
			isa = PBXGroup;
			children = (
				7F0FD38629A2BDAA00500806 /* CoverImageModel.swift */,
				7F0FD38D29A2CBD100500806 /* AnimalModel.swift */,
			);
			path = Model;
			sourceTree = "<group>";
		};
		7F0FD38829A2BEFB00500806 /* Extention */ = {
			isa = PBXGroup;
			children = (
				7F0FD38929A2BF3B00500806 /* CodableBundleExtention.swift */,
			);
			path = Extention;
			sourceTree = "<group>";
		};
/* End PBXGroup section */

/* Begin PBXNativeTarget section */
		7F0FD34829A2B31A00500806 /* Africa */ = {
			isa = PBXNativeTarget;
			buildConfigurationList = 7F0FD35729A2B31D00500806 /* Build configuration list for PBXNativeTarget "Africa" */;
			buildPhases = (
				7F0FD34529A2B31A00500806 /* Sources */,
				7F0FD34629A2B31A00500806 /* Frameworks */,
				7F0FD34729A2B31A00500806 /* Resources */,
			);
			buildRules = (
			);
			dependencies = (
			);
			name = Africa;
			productName = Africa;
			productReference = 7F0FD34929A2B31A00500806 /* Africa.app */;
			productType = "com.apple.product-type.application";
		};
/* End PBXNativeTarget section */

/* Begin PBXProject section */
		7F0FD34129A2B31A00500806 /* Project object */ = {
			isa = PBXProject;
			attributes = {
				BuildIndependentTargetsInParallel = 1;
				LastSwiftUpdateCheck = 1420;
				LastUpgradeCheck = 1420;
				TargetAttributes = {
					7F0FD34829A2B31A00500806 = {
						CreatedOnToolsVersion = 14.2;
					};
				};
			};
			buildConfigurationList = 7F0FD34429A2B31A00500806 /* Build configuration list for PBXProject "Africa" */;
			compatibilityVersion = "Xcode 14.0";
			developmentRegion = en;
			hasScannedForEncodings = 0;
			knownRegions = (
				en,
				Base,
			);
			mainGroup = 7F0FD34029A2B31A00500806;
			productRefGroup = 7F0FD34A29A2B31A00500806 /* Products */;
			projectDirPath = "";
			projectRoot = "";
			targets = (
				7F0FD34829A2B31A00500806 /* Africa */,
			);
		};
/* End PBXProject section */

/* Begin PBXResourcesBuildPhase section */
		7F0FD34729A2B31A00500806 /* Resources */ = {
			isa = PBXResourcesBuildPhase;
			buildActionMask = 2147483647;
			files = (
				7F0FD37429A2B4F200500806 /* locations.json in Resources */,
				7F0FD36629A2B49C00500806 /* rhino.mp4 in Resources */,
				7F0FD35429A2B31D00500806 /* Preview Assets.xcassets in Resources */,
				7F0FD36929A2B49C00500806 /* hippo.mp4 in Resources */,
				7F0FD35129A2B31D00500806 /* Assets.xcassets in Resources */,
				7F0FD36E29A2B49C00500806 /* gorilla.mp4 in Resources */,
				7F0FD36729A2B49C00500806 /* lion.mp4 in Resources */,
				7F0FD37529A2B4F200500806 /* animals.json in Resources */,
				7F0FD36829A2B49C00500806 /* zebra.mp4 in Resources */,
				7F0FD36C29A2B49C00500806 /* cheetah.mp4 in Resources */,
				7F0FD37629A2B4F200500806 /* covers.json in Resources */,
				7F0FD36529A2B49C00500806 /* elephant.mp4 in Resources */,
				7F0FD36A29A2B49C00500806 /* lioness.mp4 in Resources */,
				7F0FD37729A2B4F200500806 /* videos.json in Resources */,
				7F0FD36B29A2B49C00500806 /* giraffe.mp4 in Resources */,
				7F0FD36D29A2B49C00500806 /* ostrich.mp4 in Resources */,
			);
			runOnlyForDeploymentPostprocessing = 0;
		};
/* End PBXResourcesBuildPhase section */

/* Begin PBXSourcesBuildPhase section */
		7F0FD34529A2B31A00500806 /* Sources */ = {
			isa = PBXSourcesBuildPhase;
			buildActionMask = 2147483647;
			files = (
				7F0FD39A29A4153E00500806 /* ExternalWeblinkView.swift in Sources */,
				7F0FD34F29A2B31A00500806 /* ContentView.swift in Sources */,
				7F0FD38C29A2C92200500806 /* AnimalListItemView.swift in Sources */,
				7F0FD38129A2B77800500806 /* MainView.swift in Sources */,
				7F0FD39629A40AA900500806 /* InsetFactView.swift in Sources */,
				7F0FD38429A2BB6600500806 /* CoverImageView.swift in Sources */,
				7F0FD38729A2BDAA00500806 /* CoverImageModel.swift in Sources */,
				7F0FD39029A2E4A500500806 /* AnimalDetailView.swift in Sources */,
				7F0FD38E29A2CBD100500806 /* AnimalModel.swift in Sources */,
				7F0FD37D29A2B74900500806 /* MapView.swift in Sources */,
				7F0FD39829A40ECE00500806 /* InsetMapView.swift in Sources */,
				7F0FD38A29A2BF3B00500806 /* CodableBundleExtention.swift in Sources */,
				7F0FD34D29A2B31A00500806 /* AfricaApp.swift in Sources */,
				7F0FD37B29A2B72700500806 /* VideoListView.swift in Sources */,
				7F0FD39429A405CC00500806 /* InsetGalleryView.swift in Sources */,
				7F0FD37F29A2B75B00500806 /* GalleryView.swift in Sources */,
				7F0FD39229A4046000500806 /* HeadingView.swift in Sources */,
			);
			runOnlyForDeploymentPostprocessing = 0;
		};
/* End PBXSourcesBuildPhase section */

/* Begin XCBuildConfiguration section */
		7F0FD35529A2B31D00500806 /* Debug */ = {
			isa = XCBuildConfiguration;
			buildSettings = {
				ALWAYS_SEARCH_USER_PATHS = NO;
				CLANG_ANALYZER_NONNULL = YES;
				CLANG_ANALYZER_NUMBER_OBJECT_CONVERSION = YES_AGGRESSIVE;
				CLANG_CXX_LANGUAGE_STANDARD = "gnu++20";
				CLANG_ENABLE_MODULES = YES;
				CLANG_ENABLE_OBJC_ARC = YES;
				CLANG_ENABLE_OBJC_WEAK = YES;
				CLANG_WARN_BLOCK_CAPTURE_AUTORELEASING = YES;
				CLANG_WARN_BOOL_CONVERSION = YES;
				CLANG_WARN_COMMA = YES;
				CLANG_WARN_CONSTANT_CONVERSION = YES;
				CLANG_WARN_DEPRECATED_OBJC_IMPLEMENTATIONS = YES;
				CLANG_WARN_DIRECT_OBJC_ISA_USAGE = YES_ERROR;
				CLANG_WARN_DOCUMENTATION_COMMENTS = YES;
				CLANG_WARN_EMPTY_BODY = YES;
				CLANG_WARN_ENUM_CONVERSION = YES;
				CLANG_WARN_INFINITE_RECURSION = YES;
				CLANG_WARN_INT_CONVERSION = YES;
				CLANG_WARN_NON_LITERAL_NULL_CONVERSION = YES;
				CLANG_WARN_OBJC_IMPLICIT_RETAIN_SELF = YES;
				CLANG_WARN_OBJC_LITERAL_CONVERSION = YES;
				CLANG_WARN_OBJC_ROOT_CLASS = YES_ERROR;
				CLANG_WARN_QUOTED_INCLUDE_IN_FRAMEWORK_HEADER = YES;
				CLANG_WARN_RANGE_LOOP_ANALYSIS = YES;
				CLANG_WARN_STRICT_PROTOTYPES = YES;
				CLANG_WARN_SUSPICIOUS_MOVE = YES;
				CLANG_WARN_UNGUARDED_AVAILABILITY = YES_AGGRESSIVE;
				CLANG_WARN_UNREACHABLE_CODE = YES;
				CLANG_WARN__DUPLICATE_METHOD_MATCH = YES;
				COPY_PHASE_STRIP = NO;
				DEBUG_INFORMATION_FORMAT = dwarf;
				ENABLE_STRICT_OBJC_MSGSEND = YES;
				ENABLE_TESTABILITY = YES;
				GCC_C_LANGUAGE_STANDARD = gnu11;
				GCC_DYNAMIC_NO_PIC = NO;
				GCC_NO_COMMON_BLOCKS = YES;
				GCC_OPTIMIZATION_LEVEL = 0;
				GCC_PREPROCESSOR_DEFINITIONS = (
					"DEBUG=1",
					"$(inherited)",
				);
				GCC_WARN_64_TO_32_BIT_CONVERSION = YES;
				GCC_WARN_ABOUT_RETURN_TYPE = YES_ERROR;
				GCC_WARN_UNDECLARED_SELECTOR = YES;
				GCC_WARN_UNINITIALIZED_AUTOS = YES_AGGRESSIVE;
				GCC_WARN_UNUSED_FUNCTION = YES;
				GCC_WARN_UNUSED_VARIABLE = YES;
				IPHONEOS_DEPLOYMENT_TARGET = 16.2;
				MTL_ENABLE_DEBUG_INFO = INCLUDE_SOURCE;
				MTL_FAST_MATH = YES;
				ONLY_ACTIVE_ARCH = YES;
				SDKROOT = iphoneos;
				SWIFT_ACTIVE_COMPILATION_CONDITIONS = DEBUG;
				SWIFT_OPTIMIZATION_LEVEL = "-Onone";
			};
			name = Debug;
		};
		7F0FD35629A2B31D00500806 /* Release */ = {
			isa = XCBuildConfiguration;
			buildSettings = {
				ALWAYS_SEARCH_USER_PATHS = NO;
				CLANG_ANALYZER_NONNULL = YES;
				CLANG_ANALYZER_NUMBER_OBJECT_CONVERSION = YES_AGGRESSIVE;
				CLANG_CXX_LANGUAGE_STANDARD = "gnu++20";
				CLANG_ENABLE_MODULES = YES;
				CLANG_ENABLE_OBJC_ARC = YES;
				CLANG_ENABLE_OBJC_WEAK = YES;
				CLANG_WARN_BLOCK_CAPTURE_AUTORELEASING = YES;
				CLANG_WARN_BOOL_CONVERSION = YES;
				CLANG_WARN_COMMA = YES;
				CLANG_WARN_CONSTANT_CONVERSION = YES;
				CLANG_WARN_DEPRECATED_OBJC_IMPLEMENTATIONS = YES;
				CLANG_WARN_DIRECT_OBJC_ISA_USAGE = YES_ERROR;
				CLANG_WARN_DOCUMENTATION_COMMENTS = YES;
				CLANG_WARN_EMPTY_BODY = YES;
				CLANG_WARN_ENUM_CONVERSION = YES;
				CLANG_WARN_INFINITE_RECURSION = YES;
				CLANG_WARN_INT_CONVERSION = YES;
				CLANG_WARN_NON_LITERAL_NULL_CONVERSION = YES;
				CLANG_WARN_OBJC_IMPLICIT_RETAIN_SELF = YES;
				CLANG_WARN_OBJC_LITERAL_CONVERSION = YES;
				CLANG_WARN_OBJC_ROOT_CLASS = YES_ERROR;
				CLANG_WARN_QUOTED_INCLUDE_IN_FRAMEWORK_HEADER = YES;
				CLANG_WARN_RANGE_LOOP_ANALYSIS = YES;
				CLANG_WARN_STRICT_PROTOTYPES = YES;
				CLANG_WARN_SUSPICIOUS_MOVE = YES;
				CLANG_WARN_UNGUARDED_AVAILABILITY = YES_AGGRESSIVE;
				CLANG_WARN_UNREACHABLE_CODE = YES;
				CLANG_WARN__DUPLICATE_METHOD_MATCH = YES;
				COPY_PHASE_STRIP = NO;
				DEBUG_INFORMATION_FORMAT = "dwarf-with-dsym";
				ENABLE_NS_ASSERTIONS = NO;
				ENABLE_STRICT_OBJC_MSGSEND = YES;
				GCC_C_LANGUAGE_STANDARD = gnu11;
				GCC_NO_COMMON_BLOCKS = YES;
				GCC_WARN_64_TO_32_BIT_CONVERSION = YES;
				GCC_WARN_ABOUT_RETURN_TYPE = YES_ERROR;
				GCC_WARN_UNDECLARED_SELECTOR = YES;
				GCC_WARN_UNINITIALIZED_AUTOS = YES_AGGRESSIVE;
				GCC_WARN_UNUSED_FUNCTION = YES;
				GCC_WARN_UNUSED_VARIABLE = YES;
				IPHONEOS_DEPLOYMENT_TARGET = 16.2;
				MTL_ENABLE_DEBUG_INFO = NO;
				MTL_FAST_MATH = YES;
				SDKROOT = iphoneos;
				SWIFT_COMPILATION_MODE = wholemodule;
				SWIFT_OPTIMIZATION_LEVEL = "-O";
				VALIDATE_PRODUCT = YES;
			};
			name = Release;
		};
		7F0FD35829A2B31D00500806 /* Debug */ = {
			isa = XCBuildConfiguration;
			buildSettings = {
				ASSETCATALOG_COMPILER_APPICON_NAME = AppIcon;
				ASSETCATALOG_COMPILER_GLOBAL_ACCENT_COLOR_NAME = AccentColor;
				CODE_SIGN_STYLE = Automatic;
				CURRENT_PROJECT_VERSION = 1;
				DEVELOPMENT_ASSET_PATHS = "\"Africa/Preview Content\"";
				DEVELOPMENT_TEAM = 267MD9AH76;
				ENABLE_PREVIEWS = YES;
				GENERATE_INFOPLIST_FILE = YES;
				INFOPLIST_FILE = Africa/Info.plist;
				INFOPLIST_KEY_UIApplicationSceneManifest_Generation = YES;
				INFOPLIST_KEY_UIApplicationSupportsIndirectInputEvents = YES;
				INFOPLIST_KEY_UISupportedInterfaceOrientations_iPad = "UIInterfaceOrientationPortrait UIInterfaceOrientationPortraitUpsideDown UIInterfaceOrientationLandscapeLeft UIInterfaceOrientationLandscapeRight";
				INFOPLIST_KEY_UISupportedInterfaceOrientations_iPhone = "UIInterfaceOrientationPortrait UIInterfaceOrientationLandscapeLeft UIInterfaceOrientationLandscapeRight";
				INFOPLIST_KEY_UIUserInterfaceStyle = Dark;
				IPHONEOS_DEPLOYMENT_TARGET = 16.0;
				LD_RUNPATH_SEARCH_PATHS = (
					"$(inherited)",
					"@executable_path/Frameworks",
				);
				MARKETING_VERSION = 1.0;
				PRODUCT_BUNDLE_IDENTIFIER = com.papadoster.Africa;
				PRODUCT_NAME = "$(TARGET_NAME)";
				SWIFT_EMIT_LOC_STRINGS = YES;
				SWIFT_VERSION = 5.0;
				TARGETED_DEVICE_FAMILY = "1,2";
			};
			name = Debug;
		};
		7F0FD35929A2B31D00500806 /* Release */ = {
			isa = XCBuildConfiguration;
			buildSettings = {
				ASSETCATALOG_COMPILER_APPICON_NAME = AppIcon;
				ASSETCATALOG_COMPILER_GLOBAL_ACCENT_COLOR_NAME = AccentColor;
				CODE_SIGN_STYLE = Automatic;
				CURRENT_PROJECT_VERSION = 1;
				DEVELOPMENT_ASSET_PATHS = "\"Africa/Preview Content\"";
				DEVELOPMENT_TEAM = 267MD9AH76;
				ENABLE_PREVIEWS = YES;
				GENERATE_INFOPLIST_FILE = YES;
				INFOPLIST_FILE = Africa/Info.plist;
				INFOPLIST_KEY_UIApplicationSceneManifest_Generation = YES;
				INFOPLIST_KEY_UIApplicationSupportsIndirectInputEvents = YES;
				INFOPLIST_KEY_UISupportedInterfaceOrientations_iPad = "UIInterfaceOrientationPortrait UIInterfaceOrientationPortraitUpsideDown UIInterfaceOrientationLandscapeLeft UIInterfaceOrientationLandscapeRight";
				INFOPLIST_KEY_UISupportedInterfaceOrientations_iPhone = "UIInterfaceOrientationPortrait UIInterfaceOrientationLandscapeLeft UIInterfaceOrientationLandscapeRight";
				INFOPLIST_KEY_UIUserInterfaceStyle = Dark;
				IPHONEOS_DEPLOYMENT_TARGET = 16.0;
				LD_RUNPATH_SEARCH_PATHS = (
					"$(inherited)",
					"@executable_path/Frameworks",
				);
				MARKETING_VERSION = 1.0;
				PRODUCT_BUNDLE_IDENTIFIER = com.papadoster.Africa;
				PRODUCT_NAME = "$(TARGET_NAME)";
				SWIFT_EMIT_LOC_STRINGS = YES;
				SWIFT_VERSION = 5.0;
				TARGETED_DEVICE_FAMILY = "1,2";
			};
			name = Release;
		};
/* End XCBuildConfiguration section */

/* Begin XCConfigurationList section */
		7F0FD34429A2B31A00500806 /* Build configuration list for PBXProject "Africa" */ = {
			isa = XCConfigurationList;
			buildConfigurations = (
				7F0FD35529A2B31D00500806 /* Debug */,
				7F0FD35629A2B31D00500806 /* Release */,
			);
			defaultConfigurationIsVisible = 0;
			defaultConfigurationName = Release;
		};
		7F0FD35729A2B31D00500806 /* Build configuration list for PBXNativeTarget "Africa" */ = {
			isa = XCConfigurationList;
			buildConfigurations = (
				7F0FD35829A2B31D00500806 /* Debug */,
				7F0FD35929A2B31D00500806 /* Release */,
			);
			defaultConfigurationIsVisible = 0;
			defaultConfigurationName = Release;
		};
/* End XCConfigurationList section */
	};
	rootObject = 7F0FD34129A2B31A00500806 /* Project object */;
}
